// !$*UTF8*$!
{
	archiveVersion = 1;
	classes = {
	};
	objectVersion = 46;
	objects = {

/* Begin PBXBuildFile section */
		27B9D8181911D22000DFE8B8 /* Foundation.framework in Frameworks */ = {isa = PBXBuildFile; fileRef = 27B9D8171911D22000DFE8B8 /* Foundation.framework */; };
		27B9D81A1911D22000DFE8B8 /* CoreGraphics.framework in Frameworks */ = {isa = PBXBuildFile; fileRef = 27B9D8191911D22000DFE8B8 /* CoreGraphics.framework */; };
		27B9D81C1911D22000DFE8B8 /* UIKit.framework in Frameworks */ = {isa = PBXBuildFile; fileRef = 27B9D81B1911D22000DFE8B8 /* UIKit.framework */; };
		27B9D8221911D22000DFE8B8 /* InfoPlist.strings in Resources */ = {isa = PBXBuildFile; fileRef = 27B9D8201911D22000DFE8B8 /* InfoPlist.strings */; };
		27B9D8241911D22000DFE8B8 /* main.m in Sources */ = {isa = PBXBuildFile; fileRef = 27B9D8231911D22000DFE8B8 /* main.m */; };
		27B9D8281911D22000DFE8B8 /* AppDelegate.m in Sources */ = {isa = PBXBuildFile; fileRef = 27B9D8271911D22000DFE8B8 /* AppDelegate.m */; };
		27B9D82B1911D22000DFE8B8 /* Main.storyboard in Resources */ = {isa = PBXBuildFile; fileRef = 27B9D8291911D22000DFE8B8 /* Main.storyboard */; };
		27B9D82E1911D22000DFE8B8 /* ViewController.m in Sources */ = {isa = PBXBuildFile; fileRef = 27B9D82D1911D22000DFE8B8 /* ViewController.m */; };
		27B9D8301911D22000DFE8B8 /* Images.xcassets in Resources */ = {isa = PBXBuildFile; fileRef = 27B9D82F1911D22000DFE8B8 /* Images.xcassets */; };
		27B9D8371911D22000DFE8B8 /* XCTest.framework in Frameworks */ = {isa = PBXBuildFile; fileRef = 27B9D8361911D22000DFE8B8 /* XCTest.framework */; };
		27B9D8381911D22000DFE8B8 /* Foundation.framework in Frameworks */ = {isa = PBXBuildFile; fileRef = 27B9D8171911D22000DFE8B8 /* Foundation.framework */; };
		27B9D8391911D22000DFE8B8 /* UIKit.framework in Frameworks */ = {isa = PBXBuildFile; fileRef = 27B9D81B1911D22000DFE8B8 /* UIKit.framework */; };
		27B9D8411911D22000DFE8B8 /* InfoPlist.strings in Resources */ = {isa = PBXBuildFile; fileRef = 27B9D83F1911D22000DFE8B8 /* InfoPlist.strings */; };
		27B9D8431911D22000DFE8B8 /* SeasonalTests.m in Sources */ = {isa = PBXBuildFile; fileRef = 27B9D8421911D22000DFE8B8 /* SeasonalTests.m */; };
		27DDABD01911E222007244E1 /* bg1.jpg in Resources */ = {isa = PBXBuildFile; fileRef = 27DDABCF1911E222007244E1 /* bg1.jpg */; };
		27DDABD21911E229007244E1 /* bg1@2x.jpg in Resources */ = {isa = PBXBuildFile; fileRef = 27DDABD11911E229007244E1 /* bg1@2x.jpg */; };
		27F2E7A7191EF0AE00287686 /* QuartzCore.framework in Frameworks */ = {isa = PBXBuildFile; fileRef = 27F2E7A6191EF0AE00287686 /* QuartzCore.framework */; };
/* End PBXBuildFile section */

/* Begin PBXContainerItemProxy section */
		27B9D83A1911D22000DFE8B8 /* PBXContainerItemProxy */ = {
			isa = PBXContainerItemProxy;
			containerPortal = 27B9D80C1911D22000DFE8B8 /* Project object */;
			proxyType = 1;
			remoteGlobalIDString = 27B9D8131911D22000DFE8B8;
			remoteInfo = Seasonal;
		};
/* End PBXContainerItemProxy section */

/* Begin PBXFileReference section */
		27B9D8141911D22000DFE8B8 /* Seasonal.app */ = {isa = PBXFileReference; explicitFileType = wrapper.application; includeInIndex = 0; path = Seasonal.app; sourceTree = BUILT_PRODUCTS_DIR; };
		27B9D8171911D22000DFE8B8 /* Foundation.framework */ = {isa = PBXFileReference; lastKnownFileType = wrapper.framework; name = Foundation.framework; path = System/Library/Frameworks/Foundation.framework; sourceTree = SDKROOT; };
		27B9D8191911D22000DFE8B8 /* CoreGraphics.framework */ = {isa = PBXFileReference; lastKnownFileType = wrapper.framework; name = CoreGraphics.framework; path = System/Library/Frameworks/CoreGraphics.framework; sourceTree = SDKROOT; };
		27B9D81B1911D22000DFE8B8 /* UIKit.framework */ = {isa = PBXFileReference; lastKnownFileType = wrapper.framework; name = UIKit.framework; path = System/Library/Frameworks/UIKit.framework; sourceTree = SDKROOT; };
		27B9D81F1911D22000DFE8B8 /* Seasonal-Info.plist */ = {isa = PBXFileReference; lastKnownFileType = text.plist.xml; path = "Seasonal-Info.plist"; sourceTree = "<group>"; };
		27B9D8211911D22000DFE8B8 /* en */ = {isa = PBXFileReference; lastKnownFileType = text.plist.strings; name = en; path = en.lproj/InfoPlist.strings; sourceTree = "<group>"; };
		27B9D8231911D22000DFE8B8 /* main.m */ = {isa = PBXFileReference; lastKnownFileType = sourcecode.c.objc; path = main.m; sourceTree = "<group>"; };
		27B9D8251911D22000DFE8B8 /* Seasonal-Prefix.pch */ = {isa = PBXFileReference; lastKnownFileType = sourcecode.c.h; path = "Seasonal-Prefix.pch"; sourceTree = "<group>"; };
		27B9D8261911D22000DFE8B8 /* AppDelegate.h */ = {isa = PBXFileReference; lastKnownFileType = sourcecode.c.h; path = AppDelegate.h; sourceTree = "<group>"; };
		27B9D8271911D22000DFE8B8 /* AppDelegate.m */ = {isa = PBXFileReference; lastKnownFileType = sourcecode.c.objc; path = AppDelegate.m; sourceTree = "<group>"; };
		27B9D82A1911D22000DFE8B8 /* Base */ = {isa = PBXFileReference; lastKnownFileType = file.storyboard; name = Base; path = Base.lproj/Main.storyboard; sourceTree = "<group>"; };
		27B9D82C1911D22000DFE8B8 /* ViewController.h */ = {isa = PBXFileReference; lastKnownFileType = sourcecode.c.h; path = ViewController.h; sourceTree = "<group>"; };
		27B9D82D1911D22000DFE8B8 /* ViewController.m */ = {isa = PBXFileReference; lastKnownFileType = sourcecode.c.objc; path = ViewController.m; sourceTree = "<group>"; };
		27B9D82F1911D22000DFE8B8 /* Images.xcassets */ = {isa = PBXFileReference; lastKnownFileType = folder.assetcatalog; path = Images.xcassets; sourceTree = "<group>"; };
		27B9D8351911D22000DFE8B8 /* SeasonalTests.xctest */ = {isa = PBXFileReference; explicitFileType = wrapper.cfbundle; includeInIndex = 0; path = SeasonalTests.xctest; sourceTree = BUILT_PRODUCTS_DIR; };
		27B9D8361911D22000DFE8B8 /* XCTest.framework */ = {isa = PBXFileReference; lastKnownFileType = wrapper.framework; name = XCTest.framework; path = Library/Frameworks/XCTest.framework; sourceTree = DEVELOPER_DIR; };
		27B9D83E1911D22000DFE8B8 /* SeasonalTests-Info.plist */ = {isa = PBXFileReference; lastKnownFileType = text.plist.xml; path = "SeasonalTests-Info.plist"; sourceTree = "<group>"; };
		27B9D8401911D22000DFE8B8 /* en */ = {isa = PBXFileReference; lastKnownFileType = text.plist.strings; name = en; path = en.lproj/InfoPlist.strings; sourceTree = "<group>"; };
		27B9D8421911D22000DFE8B8 /* SeasonalTests.m */ = {isa = PBXFileReference; lastKnownFileType = sourcecode.c.objc; path = SeasonalTests.m; sourceTree = "<group>"; };
		27DDABCF1911E222007244E1 /* bg1.jpg */ = {isa = PBXFileReference; lastKnownFileType = image.jpeg; path = bg1.jpg; sourceTree = "<group>"; };
		27DDABD11911E229007244E1 /* bg1@2x.jpg */ = {isa = PBXFileReference; lastKnownFileType = image.jpeg; path = "bg1@2x.jpg"; sourceTree = "<group>"; };
		27F2E7A6191EF0AE00287686 /* QuartzCore.framework */ = {isa = PBXFileReference; lastKnownFileType = wrapper.framework; name = QuartzCore.framework; path = System/Library/Frameworks/QuartzCore.framework; sourceTree = SDKROOT; };
/* End PBXFileReference section */

/* Begin PBXFrameworksBuildPhase section */
		27B9D8111911D22000DFE8B8 /* Frameworks */ = {
			isa = PBXFrameworksBuildPhase;
			buildActionMask = 2147483647;
			files = (
				27F2E7A7191EF0AE00287686 /* QuartzCore.framework in Frameworks */,
				27B9D81A1911D22000DFE8B8 /* CoreGraphics.framework in Frameworks */,
				27B9D81C1911D22000DFE8B8 /* UIKit.framework in Frameworks */,
				27B9D8181911D22000DFE8B8 /* Foundation.framework in Frameworks */,
			);
			runOnlyForDeploymentPostprocessing = 0;
		};
		27B9D8321911D22000DFE8B8 /* Frameworks */ = {
			isa = PBXFrameworksBuildPhase;
			buildActionMask = 2147483647;
			files = (
				27B9D8371911D22000DFE8B8 /* XCTest.framework in Frameworks */,
				27B9D8391911D22000DFE8B8 /* UIKit.framework in Frameworks */,
				27B9D8381911D22000DFE8B8 /* Foundation.framework in Frameworks */,
			);
			runOnlyForDeploymentPostprocessing = 0;
		};
/* End PBXFrameworksBuildPhase section */

/* Begin PBXGroup section */
		27B9D80B1911D22000DFE8B8 = {
			isa = PBXGroup;
			children = (
				27B9D81D1911D22000DFE8B8 /* Seasonal */,
				27B9D83C1911D22000DFE8B8 /* SeasonalTests */,
				27B9D8161911D22000DFE8B8 /* Frameworks */,
				27B9D8151911D22000DFE8B8 /* Products */,
			);
			sourceTree = "<group>";
		};
		27B9D8151911D22000DFE8B8 /* Products */ = {
			isa = PBXGroup;
			children = (
				27B9D8141911D22000DFE8B8 /* Seasonal.app */,
				27B9D8351911D22000DFE8B8 /* SeasonalTests.xctest */,
			);
			name = Products;
			sourceTree = "<group>";
		};
		27B9D8161911D22000DFE8B8 /* Frameworks */ = {
			isa = PBXGroup;
			children = (
				27F2E7A6191EF0AE00287686 /* QuartzCore.framework */,
				27B9D8171911D22000DFE8B8 /* Foundation.framework */,
				27B9D8191911D22000DFE8B8 /* CoreGraphics.framework */,
				27B9D81B1911D22000DFE8B8 /* UIKit.framework */,
				27B9D8361911D22000DFE8B8 /* XCTest.framework */,
			);
			name = Frameworks;
			sourceTree = "<group>";
		};
		27B9D81D1911D22000DFE8B8 /* Seasonal */ = {
			isa = PBXGroup;
			children = (
				27DDABCE1911DC81007244E1 /* Images */,
				27B9D8261911D22000DFE8B8 /* AppDelegate.h */,
				27B9D8271911D22000DFE8B8 /* AppDelegate.m */,
				27B9D8291911D22000DFE8B8 /* Main.storyboard */,
				27B9D82C1911D22000DFE8B8 /* ViewController.h */,
				27B9D82D1911D22000DFE8B8 /* ViewController.m */,
				27B9D82F1911D22000DFE8B8 /* Images.xcassets */,
				27B9D81E1911D22000DFE8B8 /* Supporting Files */,
			);
			path = Seasonal;
			sourceTree = "<group>";
		};
		27B9D81E1911D22000DFE8B8 /* Supporting Files */ = {
			isa = PBXGroup;
			children = (
				27B9D81F1911D22000DFE8B8 /* Seasonal-Info.plist */,
				27B9D8201911D22000DFE8B8 /* InfoPlist.strings */,
				27B9D8231911D22000DFE8B8 /* main.m */,
				27B9D8251911D22000DFE8B8 /* Seasonal-Prefix.pch */,
			);
			name = "Supporting Files";
			sourceTree = "<group>";
		};
		27B9D83C1911D22000DFE8B8 /* SeasonalTests */ = {
			isa = PBXGroup;
			children = (
				27B9D8421911D22000DFE8B8 /* SeasonalTests.m */,
				27B9D83D1911D22000DFE8B8 /* Supporting Files */,
			);
			path = SeasonalTests;
			sourceTree = "<group>";
		};
		27B9D83D1911D22000DFE8B8 /* Supporting Files */ = {
			isa = PBXGroup;
			children = (
				27B9D83E1911D22000DFE8B8 /* SeasonalTests-Info.plist */,
				27B9D83F1911D22000DFE8B8 /* InfoPlist.strings */,
			);
			name = "Supporting Files";
			sourceTree = "<group>";
		};
		27DDABCE1911DC81007244E1 /* Images */ = {
			isa = PBXGroup;
			children = (
				27DDABCF1911E222007244E1 /* bg1.jpg */,
				27DDABD11911E229007244E1 /* bg1@2x.jpg */,
			);
			name = Images;
			sourceTree = "<group>";
		};
/* End PBXGroup section */

/* Begin PBXNativeTarget section */
		27B9D8131911D22000DFE8B8 /* Seasonal */ = {
			isa = PBXNativeTarget;
			buildConfigurationList = 27B9D8461911D22000DFE8B8 /* Build configuration list for PBXNativeTarget "Seasonal" */;
			buildPhases = (
				27B9D8101911D22000DFE8B8 /* Sources */,
				27B9D8111911D22000DFE8B8 /* Frameworks */,
				27B9D8121911D22000DFE8B8 /* Resources */,
			);
			buildRules = (
			);
			dependencies = (
			);
			name = Seasonal;
			productName = Seasonal;
			productReference = 27B9D8141911D22000DFE8B8 /* Seasonal.app */;
			productType = "com.apple.product-type.application";
		};
		27B9D8341911D22000DFE8B8 /* SeasonalTests */ = {
			isa = PBXNativeTarget;
			buildConfigurationList = 27B9D8491911D22000DFE8B8 /* Build configuration list for PBXNativeTarget "SeasonalTests" */;
			buildPhases = (
				27B9D8311911D22000DFE8B8 /* Sources */,
				27B9D8321911D22000DFE8B8 /* Frameworks */,
				27B9D8331911D22000DFE8B8 /* Resources */,
			);
			buildRules = (
			);
			dependencies = (
				27B9D83B1911D22000DFE8B8 /* PBXTargetDependency */,
			);
			name = SeasonalTests;
			productName = SeasonalTests;
			productReference = 27B9D8351911D22000DFE8B8 /* SeasonalTests.xctest */;
			productType = "com.apple.product-type.bundle.unit-test";
		};
/* End PBXNativeTarget section */

/* Begin PBXProject section */
		27B9D80C1911D22000DFE8B8 /* Project object */ = {
			isa = PBXProject;
			attributes = {
				LastUpgradeCheck = 0510;
				ORGANIZATIONNAME = kcarboneapps;
				TargetAttributes = {
					27B9D8341911D22000DFE8B8 = {
						TestTargetID = 27B9D8131911D22000DFE8B8;
					};
				};
			};
			buildConfigurationList = 27B9D80F1911D22000DFE8B8 /* Build configuration list for PBXProject "Seasonal" */;
			compatibilityVersion = "Xcode 3.2";
			developmentRegion = English;
			hasScannedForEncodings = 0;
			knownRegions = (
				en,
				Base,
			);
			mainGroup = 27B9D80B1911D22000DFE8B8;
			productRefGroup = 27B9D8151911D22000DFE8B8 /* Products */;
			projectDirPath = "";
			projectRoot = "";
			targets = (
				27B9D8131911D22000DFE8B8 /* Seasonal */,
				27B9D8341911D22000DFE8B8 /* SeasonalTests */,
			);
		};
/* End PBXProject section */

/* Begin PBXResourcesBuildPhase section */
		27B9D8121911D22000DFE8B8 /* Resources */ = {
			isa = PBXResourcesBuildPhase;
			buildActionMask = 2147483647;
			files = (
				27B9D8301911D22000DFE8B8 /* Images.xcassets in Resources */,
				27DDABD21911E229007244E1 /* bg1@2x.jpg in Resources */,
				27B9D8221911D22000DFE8B8 /* InfoPlist.strings in Resources */,
				27DDABD01911E222007244E1 /* bg1.jpg in Resources */,
				27B9D82B1911D22000DFE8B8 /* Main.storyboard in Resources */,
			);
			runOnlyForDeploymentPostprocessing = 0;
		};
		27B9D8331911D22000DFE8B8 /* Resources */ = {
			isa = PBXResourcesBuildPhase;
			buildActionMask = 2147483647;
			files = (
				27B9D8411911D22000DFE8B8 /* InfoPlist.strings in Resources */,
			);
			runOnlyForDeploymentPostprocessing = 0;
		};
/* End PBXResourcesBuildPhase section */

/* Begin PBXSourcesBuildPhase section */
		27B9D8101911D22000DFE8B8 /* Sources */ = {
			isa = PBXSourcesBuildPhase;
			buildActionMask = 2147483647;
			files = (
				27B9D82E1911D22000DFE8B8 /* ViewController.m in Sources */,
				27B9D8281911D22000DFE8B8 /* AppDelegate.m in Sources */,
				27B9D8241911D22000DFE8B8 /* main.m in Sources */,
			);
			runOnlyForDeploymentPostprocessing = 0;
		};
		27B9D8311911D22000DFE8B8 /* Sources */ = {
			isa = PBXSourcesBuildPhase;
			buildActionMask = 2147483647;
			files = (
				27B9D8431911D22000DFE8B8 /* SeasonalTests.m in Sources */,
			);
			runOnlyForDeploymentPostprocessing = 0;
		};
/* End PBXSourcesBuildPhase section */

/* Begin PBXTargetDependency section */
		27B9D83B1911D22000DFE8B8 /* PBXTargetDependency */ = {
			isa = PBXTargetDependency;
			target = 27B9D8131911D22000DFE8B8 /* Seasonal */;
			targetProxy = 27B9D83A1911D22000DFE8B8 /* PBXContainerItemProxy */;
		};
/* End PBXTargetDependency section */

/* Begin PBXVariantGroup section */
		27B9D8201911D22000DFE8B8 /* InfoPlist.strings */ = {
			isa = PBXVariantGroup;
			children = (
				27B9D8211911D22000DFE8B8 /* en */,
			);
			name = InfoPlist.strings;
			sourceTree = "<group>";
		};
		27B9D8291911D22000DFE8B8 /* Main.storyboard */ = {
			isa = PBXVariantGroup;
			children = (
				27B9D82A1911D22000DFE8B8 /* Base */,
			);
			name = Main.storyboard;
			sourceTree = "<group>";
		};
		27B9D83F1911D22000DFE8B8 /* InfoPlist.strings */ = {
			isa = PBXVariantGroup;
			children = (
				27B9D8401911D22000DFE8B8 /* en */,
			);
			name = InfoPlist.strings;
			sourceTree = "<group>";
		};
/* End PBXVariantGroup section */

/* Begin XCBuildConfiguration section */
		27B9D8441911D22000DFE8B8 /* Debug */ = {
			isa = XCBuildConfiguration;
			buildSettings = {
				ALWAYS_SEARCH_USER_PATHS = NO;
				CLANG_CXX_LANGUAGE_STANDARD = "gnu++0x";
				CLANG_CXX_LIBRARY = "libc++";
				CLANG_ENABLE_MODULES = YES;
				CLANG_ENABLE_OBJC_ARC = YES;
				CLANG_WARN_BOOL_CONVERSION = YES;
				CLANG_WARN_CONSTANT_CONVERSION = YES;
				CLANG_WARN_DIRECT_OBJC_ISA_USAGE = YES_ERROR;
				CLANG_WARN_EMPTY_BODY = YES;
				CLANG_WARN_ENUM_CONVERSION = YES;
				CLANG_WARN_INT_CONVERSION = YES;
				CLANG_WARN_OBJC_ROOT_CLASS = YES_ERROR;
				CLANG_WARN__DUPLICATE_METHOD_MATCH = YES;
				"CODE_SIGN_IDENTITY[sdk=iphoneos*]" = "iPhone Developer";
				COPY_PHASE_STRIP = NO;
				GCC_C_LANGUAGE_STANDARD = gnu99;
				GCC_DYNAMIC_NO_PIC = NO;
				GCC_OPTIMIZATION_LEVEL = 0;
				GCC_PREPROCESSOR_DEFINITIONS = (
					"DEBUG=1",
					"$(inherited)",
				);
				GCC_SYMBOLS_PRIVATE_EXTERN = NO;
				GCC_WARN_64_TO_32_BIT_CONVERSION = YES;
				GCC_WARN_ABOUT_RETURN_TYPE = YES_ERROR;
				GCC_WARN_UNDECLARED_SELECTOR = YES;
				GCC_WARN_UNINITIALIZED_AUTOS = YES_AGGRESSIVE;
				GCC_WARN_UNUSED_FUNCTION = YES;
				GCC_WARN_UNUSED_VARIABLE = YES;
				IPHONEOS_DEPLOYMENT_TARGET = 7.1;
				ONLY_ACTIVE_ARCH = YES;
				SDKROOT = iphoneos;
			};
			name = Debug;
		};
		27B9D8451911D22000DFE8B8 /* Release */ = {
			isa = XCBuildConfiguration;
			buildSettings = {
				ALWAYS_SEARCH_USER_PATHS = NO;
				CLANG_CXX_LANGUAGE_STANDARD = "gnu++0x";
				CLANG_CXX_LIBRARY = "libc++";
				CLANG_ENABLE_MODULES = YES;
				CLANG_ENABLE_OBJC_ARC = YES;
				CLANG_WARN_BOOL_CONVERSION = YES;
				CLANG_WARN_CONSTANT_CONVERSION = YES;
				CLANG_WARN_DIRECT_OBJC_ISA_USAGE = YES_ERROR;
				CLANG_WARN_EMPTY_BODY = YES;
				CLANG_WARN_ENUM_CONVERSION = YES;
				CLANG_WARN_INT_CONVERSION = YES;
				CLANG_WARN_OBJC_ROOT_CLASS = YES_ERROR;
				CLANG_WARN__DUPLICATE_METHOD_MATCH = YES;
				"CODE_SIGN_IDENTITY[sdk=iphoneos*]" = "iPhone Developer";
				COPY_PHASE_STRIP = YES;
				ENABLE_NS_ASSERTIONS = NO;
				GCC_C_LANGUAGE_STANDARD = gnu99;
				GCC_WARN_64_TO_32_BIT_CONVERSION = YES;
				GCC_WARN_ABOUT_RETURN_TYPE = YES_ERROR;
				GCC_WARN_UNDECLARED_SELECTOR = YES;
				GCC_WARN_UNINITIALIZED_AUTOS = YES_AGGRESSIVE;
				GCC_WARN_UNUSED_FUNCTION = YES;
				GCC_WARN_UNUSED_VARIABLE = YES;
				IPHONEOS_DEPLOYMENT_TARGET = 7.1;
				SDKROOT = iphoneos;
				VALIDATE_PRODUCT = YES;
			};
			name = Release;
		};
		27B9D8471911D22000DFE8B8 /* Debug */ = {
			isa = XCBuildConfiguration;
			buildSettings = {
				ASSETCATALOG_COMPILER_APPICON_NAME = AppIcon;
				ASSETCATALOG_COMPILER_LAUNCHIMAGE_NAME = LaunchImage;
				GCC_PRECOMPILE_PREFIX_HEADER = YES;
				GCC_PREFIX_HEADER = "Seasonal/Seasonal-Prefix.pch";
				INFOPLIST_FILE = "Seasonal/Seasonal-Info.plist";
				IPHONEOS_DEPLOYMENT_TARGET = 7.0;
				PRODUCT_NAME = "$(TARGET_NAME)";
				WRAPPER_EXTENSION = app;
			};
			name = Debug;
		};
		27B9D8481911D22000DFE8B8 /* Release */ = {
			isa = XCBuildConfiguration;
			buildSettings = {
				ASSETCATALOG_COMPILER_APPICON_NAME = AppIcon;
				ASSETCATALOG_COMPILER_LAUNCHIMAGE_NAME = LaunchImage;
				GCC_PRECOMPILE_PREFIX_HEADER = YES;
				GCC_PREFIX_HEADER = "Seasonal/Seasonal-Prefix.pch";
				INFOPLIST_FILE = "Seasonal/Seasonal-Info.plist";
				IPHONEOS_DEPLOYMENT_TARGET = 7.0;
				PRODUCT_NAME = "$(TARGET_NAME)";
				WRAPPER_EXTENSION = app;
			};
			name = Release;
		};
		27B9D84A1911D22000DFE8B8 /* Debug */ = {
			isa = XCBuildConfiguration;
			buildSettings = {
				BUNDLE_LOADER = "$(BUILT_PRODUCTS_DIR)/Seasonal.app/Seasonal";
				FRAMEWORK_SEARCH_PATHS = (
					"$(SDKROOT)/Developer/Library/Frameworks",
					"$(inherited)",
					"$(DEVELOPER_FRAMEWORKS_DIR)",
				);
				GCC_PRECOMPILE_PREFIX_HEADER = YES;
				GCC_PREFIX_HEADER = "Seasonal/Seasonal-Prefix.pch";
				GCC_PREPROCESSOR_DEFINITIONS = (
					"DEBUG=1",
					"$(inherited)",
				);
				INFOPLIST_FILE = "SeasonalTests/SeasonalTests-Info.plist";
				PRODUCT_NAME = "$(TARGET_NAME)";
				TEST_HOST = "$(BUNDLE_LOADER)";
				WRAPPER_EXTENSION = xctest;
			};
			name = Debug;
		};
		27B9D84B1911D22000DFE8B8 /* Release */ = {
			isa = XCBuildConfiguration;
			buildSettings = {
				BUNDLE_LOADER = "$(BUILT_PRODUCTS_DIR)/Seasonal.app/Seasonal";
				FRAMEWORK_SEARCH_PATHS = (
					"$(SDKROOT)/Developer/Library/Frameworks",
					"$(inherited)",
					"$(DEVELOPER_FRAMEWORKS_DIR)",
				);
				GCC_PRECOMPILE_PREFIX_HEADER = YES;
				GCC_PREFIX_HEADER = "Seasonal/Seasonal-Prefix.pch";
				INFOPLIST_FILE = "SeasonalTests/SeasonalTests-Info.plist";
				PRODUCT_NAME = "$(TARGET_NAME)";
				TEST_HOST = "$(BUNDLE_LOADER)";
				WRAPPER_EXTENSION = xctest;
			};
			name = Release;
		};
/* End XCBuildConfiguration section */

/* Begin XCConfigurationList section */
		27B9D80F1911D22000DFE8B8 /* Build configuration list for PBXProject "Seasonal" */ = {
			isa = XCConfigurationList;
			buildConfigurations = (
				27B9D8441911D22000DFE8B8 /* Debug */,
				27B9D8451911D22000DFE8B8 /* Release */,
			);
			defaultConfigurationIsVisible = 0;
			defaultConfigurationName = Release;
		};
		27B9D8461911D22000DFE8B8 /* Build configuration list for PBXNativeTarget "Seasonal" */ = {
			isa = XCConfigurationList;
			buildConfigurations = (
				27B9D8471911D22000DFE8B8 /* Debug */,
				27B9D8481911D22000DFE8B8 /* Release */,
			);
			defaultConfigurationIsVisible = 0;
			defaultConfigurationName = Release;
		};
		27B9D8491911D22000DFE8B8 /* Build configuration list for PBXNativeTarget "SeasonalTests" */ = {
			isa = XCConfigurationList;
			buildConfigurations = (
				27B9D84A1911D22000DFE8B8 /* Debug */,
				27B9D84B1911D22000DFE8B8 /* Release */,
			);
			defaultConfigurationIsVisible = 0;
			defaultConfigurationName = Release;
		};
/* End XCConfigurationList section */
	};
	rootObject = 27B9D80C1911D22000DFE8B8 /* Project object */;
}
